Microsoft Visual Studio Solution File, Format Version 12.00
# Visual Studio Version 17
VisualStudioVersion = 17.5.2.0
MinimumVisualStudioVersion = 10.0.40219.1
Project("{FAE04EC0-301F-11D3-BF4B-00C04F79EFBC}") = "RandomizerTools", "RandomizerTools.csproj", "{49E915F1-A03A-44C8-8820-048BF693542E}"
EndProject
Global
	GlobalSection(SolutionConfigurationPlatforms) = preSolution
		Debug|Any CPU = Debug|Any CPU
		Release|Any CPU = Release|Any CPU
	EndGlobalSection
	GlobalSection(ProjectConfigurationPlatforms) = postSolution
		{49E915F1-A03A-44C8-8820-048BF693542E}.Debug|Any CPU.ActiveCfg = Debug|Any CPU
		{49E915F1-A03A-44C8-8820-048BF693542E}.Debug|Any CPU.Build.0 = Debug|Any CPU
		{49E915F1-A03A-44C8-8820-048BF693542E}.Release|Any CPU.ActiveCfg = Release|Any CPU
		{49E915F1-A03A-44C8-8820-048BF693542E}.Release|Any CPU.Build.0 = Release|Any CPU
	EndGlobalSection
	GlobalSection(SolutionProperties) = preSolution
		HideSolutionNode = FALSE
	EndGlobalSection
	GlobalSection(ExtensibilityGlobals) = postSolution
		SolutionGuid = {E8795670-77B8-4542-9099-8F77367EE379}
	EndGlobalSection
EndGlobal